{
  "version": 4,
  "terraform_version": "1.8.0",
  "serial": 14,
  "lineage": "21619023-87c7-1e60-6291-cf2d6d54d8c9",
  "outputs": {},
  "resources": [
    {
      "module": "module.cloudwatch",
      "mode": "managed",
      "type": "aws_cloudwatch_log_group",
      "name": "glue_job_log_group",
      "provider": "provider[\"registry.terraform.io/hashicorp/aws\"]",
      "instances": [
        {
          "schema_version": 0,
          "attributes": {
            "arn": "arn:aws:logs:sa-east-1:897729099134:log-group:/aws-glue/jobs/output",
            "id": "/aws-glue/jobs/output",
            "kms_key_id": "",
            "log_group_class": "STANDARD",
            "name": "/aws-glue/jobs/output",
            "name_prefix": "",
            "retention_in_days": 1,
            "skip_destroy": false,
            "tags": null,
            "tags_all": {}
          },
          "sensitive_attributes": [],
          "private": "bnVsbA=="
        }
      ]
    },
    {
      "module": "module.glue",
      "mode": "managed",
      "type": "aws_glue_job",
      "name": "teste",
      "provider": "provider[\"registry.terraform.io/hashicorp/aws\"]",
      "instances": [
        {
          "schema_version": 0,
          "attributes": {
            "arn": "arn:aws:glue:sa-east-1:897729099134:job/creditflow_etl_job",
            "command": [
              {
                "name": "glueetl",
                "python_version": "3",
                "runtime": "",
                "script_location": "s3://creditflow-bronze/scripts/etl_script.py"
              }
            ],
            "connections": null,
            "default_arguments": {
              "--TempDir": "s3://creditflow-bronze/temp/",
              "--continuous-log-logGroup": "/aws-glue/jobs/output",
              "--enable-cloudwatch-log": "true",
              "--enable-continuous-log-filter": "true",
              "--enable-continuous-logging": "true",
              "--enable-glue-datacatalog": "true",
              "--enable-metrics": "true",
              "--enable-observability-metrics": "true",
              "--enable-spark-ui": "true",
              "--job-bookmark-option": "job-bookmark-disable",
              "--job-language": "python"
            },
            "description": "Este job realiza a extração, transformação e carga de dados para o fluxo de crédito.",
            "execution_class": "",
            "execution_property": [
              {
                "max_concurrent_runs": 1
              }
            ],
            "glue_version": "4.0",
            "id": "creditflow_etl_job",
            "job_run_queuing_enabled": false,
            "maintenance_window": "",
            "max_capacity": 10,
            "max_retries": 0,
            "name": "creditflow_etl_job",
            "non_overridable_arguments": null,
            "notification_property": [],
            "number_of_workers": 10,
            "role_arn": "arn:aws:iam::897729099134:role/GlueS3AccessRole",
            "security_configuration": "",
            "tags": null,
            "tags_all": {},
            "timeout": 60,
            "worker_type": "G.1X"
          },
          "sensitive_attributes": [],
          "private": "bnVsbA==",
          "dependencies": [
            "module.glue.module.iam.aws_iam_role.glue_role",
            "module.glue.module.iam.data.aws_iam_policy_document.glue_assume_role"
          ]
        }
      ]
    },
    {
      "module": "module.glue.module.iam",
      "mode": "data",
      "type": "aws_iam_policy_document",
      "name": "glue_assume_role",
      "provider": "provider[\"registry.terraform.io/hashicorp/aws\"]",
      "instances": [
        {
          "schema_version": 0,
          "attributes": {
            "id": "2681768870",
            "json": "{\n  \"Version\": \"2012-10-17\",\n  \"Statement\": [\n    {\n      \"Effect\": \"Allow\",\n      \"Action\": \"sts:AssumeRole\",\n      \"Principal\": {\n        \"Service\": \"glue.amazonaws.com\"\n      }\n    }\n  ]\n}",
            "minified_json": "{\"Version\":\"2012-10-17\",\"Statement\":[{\"Effect\":\"Allow\",\"Action\":\"sts:AssumeRole\",\"Principal\":{\"Service\":\"glue.amazonaws.com\"}}]}",
            "override_json": null,
            "override_policy_documents": null,
            "policy_id": null,
            "source_json": null,
            "source_policy_documents": null,
            "statement": [
              {
                "actions": [
                  "sts:AssumeRole"
                ],
                "condition": [],
                "effect": "Allow",
                "not_actions": [],
                "not_principals": [],
                "not_resources": [],
                "principals": [
                  {
                    "identifiers": [
                      "glue.amazonaws.com"
                    ],
                    "type": "Service"
                  }
                ],
                "resources": [],
                "sid": ""
              }
            ],
            "version": "2012-10-17"
          },
          "sensitive_attributes": []
        }
      ]
    },
    {
      "module": "module.glue.module.iam",
      "mode": "data",
      "type": "aws_iam_policy_document",
      "name": "glue_policy",
      "provider": "provider[\"registry.terraform.io/hashicorp/aws\"]",
      "instances": [
        {
          "schema_version": 0,
          "attributes": {
            "id": "1316404700",
            "json": "{\n  \"Version\": \"2012-10-17\",\n  \"Statement\": [\n    {\n      \"Effect\": \"Allow\",\n      \"Action\": [\n        \"logs:PutLogEvents\",\n        \"logs:CreateLogStream\",\n        \"logs:CreateLogGroup\",\n        \"cloudwatch:PutMetricData\"\n      ],\n      \"Resource\": [\n        \"arn:aws:logs:*:*:*\",\n        \"arn:aws:cloudwatch:*:*:*\"\n      ]\n    }\n  ]\n}",
            "minified_json": "{\"Version\":\"2012-10-17\",\"Statement\":[{\"Effect\":\"Allow\",\"Action\":[\"logs:PutLogEvents\",\"logs:CreateLogStream\",\"logs:CreateLogGroup\",\"cloudwatch:PutMetricData\"],\"Resource\":[\"arn:aws:logs:*:*:*\",\"arn:aws:cloudwatch:*:*:*\"]}]}",
            "override_json": null,
            "override_policy_documents": null,
            "policy_id": null,
            "source_json": null,
            "source_policy_documents": null,
            "statement": [
              {
                "actions": [
                  "cloudwatch:PutMetricData",
                  "logs:CreateLogGroup",
                  "logs:CreateLogStream",
                  "logs:PutLogEvents"
                ],
                "condition": [],
                "effect": "Allow",
                "not_actions": [],
                "not_principals": [],
                "not_resources": [],
                "principals": [],
                "resources": [
                  "arn:aws:cloudwatch:*:*:*",
                  "arn:aws:logs:*:*:*"
                ],
                "sid": ""
              }
            ],
            "version": "2012-10-17"
          },
          "sensitive_attributes": []
        }
      ]
    },
    {
      "module": "module.glue.module.iam",
      "mode": "data",
      "type": "aws_iam_policy_document",
      "name": "lambda_assume_role",
      "provider": "provider[\"registry.terraform.io/hashicorp/aws\"]",
      "instances": [
        {
          "schema_version": 0,
          "attributes": {
            "id": "2690255455",
            "json": "{\n  \"Version\": \"2012-10-17\",\n  \"Statement\": [\n    {\n      \"Effect\": \"Allow\",\n      \"Action\": \"sts:AssumeRole\",\n      \"Principal\": {\n        \"Service\": \"lambda.amazonaws.com\"\n      }\n    }\n  ]\n}",
            "minified_json": "{\"Version\":\"2012-10-17\",\"Statement\":[{\"Effect\":\"Allow\",\"Action\":\"sts:AssumeRole\",\"Principal\":{\"Service\":\"lambda.amazonaws.com\"}}]}",
            "override_json": null,
            "override_policy_documents": null,
            "policy_id": null,
            "source_json": null,
            "source_policy_documents": null,
            "statement": [
              {
                "actions": [
                  "sts:AssumeRole"
                ],
                "condition": [],
                "effect": "Allow",
                "not_actions": [],
                "not_principals": [],
                "not_resources": [],
                "principals": [
                  {
                    "identifiers": [
                      "lambda.amazonaws.com"
                    ],
                    "type": "Service"
                  }
                ],
                "resources": [],
                "sid": ""
              }
            ],
            "version": "2012-10-17"
          },
          "sensitive_attributes": []
        }
      ]
    },
    {
      "module": "module.glue.module.iam",
      "mode": "managed",
      "type": "aws_iam_policy",
      "name": "athena_s3_policy",
      "provider": "provider[\"registry.terraform.io/hashicorp/aws\"]",
      "instances": [
        {
          "schema_version": 0,
          "attributes": {
            "arn": "arn:aws:iam::897729099134:policy/AthenaS3Policy",
            "attachment_count": 0,
            "description": "Permissões para criar WorkGroups no Athena e acessar/gravar no bucket S3",
            "id": "arn:aws:iam::897729099134:policy/AthenaS3Policy",
            "name": "AthenaS3Policy",
            "name_prefix": "",
            "path": "/",
            "policy": "{\"Statement\":[{\"Action\":[\"athena:CreateWorkGroup\",\"athena:UpdateWorkGroup\",\"athena:GetWorkGroup\",\"athena:ListWorkGroups\",\"athena:ListTagsForResource\"],\"Effect\":\"Allow\",\"Resource\":\"*\"},{\"Action\":[\"s3:PutObject\",\"s3:GetObject\",\"s3:ListBucket\",\"s3:PutBucketPolicy\"],\"Effect\":\"Allow\",\"Resource\":[\"arn:aws:s3:::bucket-athena-query-results-fernando\",\"arn:aws:s3:::bucket-athena-query-results-fernando/*\"]}],\"Version\":\"2012-10-17\"}",
            "policy_id": "ANPA5CBGS6V7C4W7SRNHI",
            "tags": null,
            "tags_all": {}
          },
          "sensitive_attributes": [],
          "private": "bnVsbA=="
        }
      ]
    },
    {
      "module": "module.glue.module.iam",
      "mode": "managed",
      "type": "aws_iam_policy",
      "name": "glue_policy",
      "provider": "provider[\"registry.terraform.io/hashicorp/aws\"]",
      "instances": [
        {
          "schema_version": 0,
          "attributes": {
            "arn": "arn:aws:iam::897729099134:policy/AWSGlueAccessPolicy",
            "attachment_count": 0,
            "description": "Permissões para o Glue acessar Glue Catalog e S3",
            "id": "arn:aws:iam::897729099134:policy/AWSGlueAccessPolicy",
            "name": "AWSGlueAccessPolicy",
            "name_prefix": "",
            "path": "/",
            "policy": "{\"Statement\":[{\"Action\":[\"glue:GetDatabase\",\"glue:GetDatabases\",\"glue:CreateTable\",\"glue:GetTable\",\"glue:GetTables\",\"glue:UpdateTable\",\"glue:CreatePartition\",\"glue:GetPartition\",\"glue:GetPartitions\",\"glue:BatchGetPartition\"],\"Effect\":\"Allow\",\"Resource\":\"*\"},{\"Action\":[\"s3:ListBucket\",\"s3:GetObject\",\"s3:PutObject\"],\"Effect\":\"Allow\",\"Resource\":[\"arn:aws:s3:::creditflow-bronze\",\"arn:aws:s3:::creditflow-bronze/*\",\"arn:aws:s3:::creditflow-silver\",\"arn:aws:s3:::creditflow-silver/*\"]}],\"Version\":\"2012-10-17\"}",
            "policy_id": "ANPA5CBGS6V7CDVUFFXTS",
            "tags": null,
            "tags_all": {}
          },
          "sensitive_attributes": [],
          "private": "bnVsbA=="
        }
      ]
    },
    {
      "module": "module.glue.module.iam",
      "mode": "managed",
      "type": "aws_iam_role",
      "name": "glue_role",
      "provider": "provider[\"registry.terraform.io/hashicorp/aws\"]",
      "instances": [
        {
          "schema_version": 0,
          "attributes": {
            "arn": "arn:aws:iam::897729099134:role/GlueS3AccessRole",
            "assume_role_policy": "{\"Statement\":[{\"Action\":\"sts:AssumeRole\",\"Effect\":\"Allow\",\"Principal\":{\"Service\":\"glue.amazonaws.com\"}}],\"Version\":\"2012-10-17\"}",
            "create_date": "2025-03-03T13:53:45Z",
            "description": "",
            "force_detach_policies": false,
            "id": "GlueS3AccessRole",
            "inline_policy": [],
            "managed_policy_arns": [],
            "max_session_duration": 3600,
            "name": "GlueS3AccessRole",
            "name_prefix": "",
            "path": "/",
            "permissions_boundary": "",
            "tags": null,
            "tags_all": {},
            "unique_id": "AROA5CBGS6V7AOHZSLLEY"
          },
          "sensitive_attributes": [],
          "private": "bnVsbA==",
          "dependencies": [
            "module.glue.module.iam.data.aws_iam_policy_document.glue_assume_role"
          ]
        }
      ]
    },
    {
      "module": "module.glue.module.iam",
      "mode": "managed",
      "type": "aws_iam_role",
      "name": "lambda_role",
      "provider": "provider[\"registry.terraform.io/hashicorp/aws\"]",
      "instances": [
        {
          "schema_version": 0,
          "attributes": {
            "arn": "arn:aws:iam::897729099134:role/lambda_redshift_s3_role",
            "assume_role_policy": "{\"Statement\":[{\"Action\":\"sts:AssumeRole\",\"Effect\":\"Allow\",\"Principal\":{\"Service\":\"lambda.amazonaws.com\"}}],\"Version\":\"2012-10-17\"}",
            "create_date": "2025-03-03T13:53:45Z",
            "description": "",
            "force_detach_policies": false,
            "id": "lambda_redshift_s3_role",
            "inline_policy": [],
            "managed_policy_arns": [],
            "max_session_duration": 3600,
            "name": "lambda_redshift_s3_role",
            "name_prefix": "",
            "path": "/",
            "permissions_boundary": "",
            "tags": null,
            "tags_all": {},
            "unique_id": "AROA5CBGS6V7KEBV3WEAL"
          },
          "sensitive_attributes": [],
          "private": "bnVsbA==",
          "dependencies": [
            "module.glue.module.iam.data.aws_iam_policy_document.lambda_assume_role"
          ]
        }
      ]
    },
    {
      "module": "module.glue.module.iam",
      "mode": "managed",
      "type": "aws_iam_role_policy",
      "name": "glue_policy_attachment",
      "provider": "provider[\"registry.terraform.io/hashicorp/aws\"]",
      "instances": [
        {
          "schema_version": 0,
          "attributes": {
            "id": "GlueS3AccessRole:GlueCloudWatchPolicy",
            "name": "GlueCloudWatchPolicy",
            "name_prefix": "",
            "policy": "{\"Version\":\"2012-10-17\",\"Statement\":[{\"Action\":[\"logs:PutLogEvents\",\"logs:CreateLogStream\",\"logs:CreateLogGroup\",\"cloudwatch:PutMetricData\"],\"Effect\":\"Allow\",\"Resource\":[\"arn:aws:logs:*:*:*\",\"arn:aws:cloudwatch:*:*:*\"]}]}",
            "role": "GlueS3AccessRole"
          },
          "sensitive_attributes": [],
          "private": "bnVsbA==",
          "dependencies": [
            "module.glue.module.iam.aws_iam_role.glue_role",
            "module.glue.module.iam.data.aws_iam_policy_document.glue_assume_role",
            "module.glue.module.iam.data.aws_iam_policy_document.glue_policy"
          ]
        }
      ]
    },
    {
      "module": "module.glue.module.iam",
      "mode": "managed",
      "type": "aws_iam_role_policy_attachment",
      "name": "glue_policy_attach",
      "provider": "provider[\"registry.terraform.io/hashicorp/aws\"]",
      "instances": [
        {
          "schema_version": 0,
          "attributes": {
            "id": "GlueS3AccessRole-20250303135345266600000004",
            "policy_arn": "arn:aws:iam::897729099134:policy/AWSGlueAccessPolicy",
            "role": "GlueS3AccessRole"
          },
          "sensitive_attributes": [],
          "private": "bnVsbA==",
          "dependencies": [
            "module.glue.module.iam.aws_iam_policy.glue_policy",
            "module.glue.module.iam.aws_iam_role.glue_role",
            "module.glue.module.iam.data.aws_iam_policy_document.glue_assume_role"
          ]
        }
      ]
    },
    {
      "module": "module.glue.module.iam",
      "mode": "managed",
      "type": "aws_iam_role_policy_attachment",
      "name": "glue_s3_access",
      "provider": "provider[\"registry.terraform.io/hashicorp/aws\"]",
      "instances": [
        {
          "schema_version": 0,
          "attributes": {
            "id": "GlueS3AccessRole-20250303135345433400000006",
            "policy_arn": "arn:aws:iam::aws:policy/AmazonS3FullAccess",
            "role": "GlueS3AccessRole"
          },
          "sensitive_attributes": [],
          "private": "bnVsbA==",
          "dependencies": [
            "module.glue.module.iam.aws_iam_role.glue_role",
            "module.glue.module.iam.data.aws_iam_policy_document.glue_assume_role"
          ]
        }
      ]
    },
    {
      "module": "module.glue.module.iam",
      "mode": "managed",
      "type": "aws_iam_role_policy_attachment",
      "name": "lambda_cloudwatch_logs",
      "provider": "provider[\"registry.terraform.io/hashicorp/aws\"]",
      "instances": [
        {
          "schema_version": 0,
          "attributes": {
            "id": "lambda_redshift_s3_role-20250303135345211800000002",
            "policy_arn": "arn:aws:iam::aws:policy/service-role/AWSLambdaBasicExecutionRole",
            "role": "lambda_redshift_s3_role"
          },
          "sensitive_attributes": [],
          "private": "bnVsbA==",
          "dependencies": [
            "module.glue.module.iam.aws_iam_role.lambda_role",
            "module.glue.module.iam.data.aws_iam_policy_document.lambda_assume_role"
          ]
        }
      ]
    },
    {
      "module": "module.glue.module.iam",
      "mode": "managed",
      "type": "aws_iam_role_policy_attachment",
      "name": "lambda_redshift_access",
      "provider": "provider[\"registry.terraform.io/hashicorp/aws\"]",
      "instances": [
        {
          "schema_version": 0,
          "attributes": {
            "id": "lambda_redshift_s3_role-20250303135345269000000005",
            "policy_arn": "arn:aws:iam::aws:policy/AmazonRedshiftDataFullAccess",
            "role": "lambda_redshift_s3_role"
          },
          "sensitive_attributes": [],
          "private": "bnVsbA==",
          "dependencies": [
            "module.glue.module.iam.aws_iam_role.lambda_role",
            "module.glue.module.iam.data.aws_iam_policy_document.lambda_assume_role"
          ]
        }
      ]
    },
    {
      "module": "module.glue.module.iam",
      "mode": "managed",
      "type": "aws_iam_role_policy_attachment",
      "name": "lambda_s3_access",
      "provider": "provider[\"registry.terraform.io/hashicorp/aws\"]",
      "instances": [
        {
          "schema_version": 0,
          "attributes": {
            "id": "lambda_redshift_s3_role-20250303135345240300000003",
            "policy_arn": "arn:aws:iam::aws:policy/AmazonS3ReadOnlyAccess",
            "role": "lambda_redshift_s3_role"
          },
          "sensitive_attributes": [],
          "private": "bnVsbA==",
          "dependencies": [
            "module.glue.module.iam.aws_iam_role.lambda_role",
            "module.glue.module.iam.data.aws_iam_policy_document.lambda_assume_role"
          ]
        }
      ]
    },
    {
      "module": "module.glue.module.iam",
      "mode": "managed",
      "type": "aws_iam_user_policy_attachment",
      "name": "user_policy_attachment",
      "provider": "provider[\"registry.terraform.io/hashicorp/aws\"]",
      "instances": [
        {
          "schema_version": 0,
          "attributes": {
            "id": "terraform-20250303135345047700000001",
            "policy_arn": "arn:aws:iam::897729099134:policy/AthenaS3Policy",
            "user": "terraform"
          },
          "sensitive_attributes": [],
          "private": "bnVsbA==",
          "dependencies": [
            "module.glue.module.iam.aws_iam_policy.athena_s3_policy"
          ]
        }
      ]
    }
  ],
  "check_results": null
}
